{
  "pins" : [
    {
      "identity" : "alamofire",
      "kind" : "remoteSourceControl",
      "location" : "https://github.com/Alamofire/Alamofire.git",
      "state" : {
        "revision" : "354dda32d89fc8cd4f5c46487f64957d355f53d8",
        "version" : "5.6.1"
      }
    },
    {
      "identity" : "desynticlibrary",
      "kind" : "remoteSourceControl",
      "location" : "https://github.com/kevin-bertrand/DesynticLibrary.git",
      "state" : {
        "branch" : "main",
        "revision" : "ae2c91e1dec3a7f9245f43d49759ee26a96cd85a"
      }
    },
    {
      "identity" : "mixpanel-swift",
      "kind" : "remoteSourceControl",
      "location" : "https://github.com/mixpanel/mixpanel-swift.git",
      "state" : {
        "revision" : "cf569f790c0ec9e9f94f25e56b7ba5762198d34a",
        "version" : "2.10.4"
      }
    },
    {
      "identity" : "swiftuicharts",
      "kind" : "remoteSourceControl",
      "location" : "https://github.com/willdale/SwiftUICharts.git",
      "state" : {
        "revision" : "9a71bffb72c35960c6836891ca1e13e089532991",
        "version" : "2.10.1"
      }
    }
  ],
  "version" : 2
}
