// !$*UTF8*$!
{
	archiveVersion = 1;
	classes = {
	};
	objectVersion = 56;
	objects = {

/* Begin PBXBuildFile section */
		060A8B5528AE18C50015BA4D /* TripsExportFilterView.swift in Sources */ = {isa = PBXBuildFile; fileRef = 060A8B5428AE18C50015BA4D /* TripsExportFilterView.swift */; };
		06158E2828854D1E00C3BE6E /* UserProfileView.swift in Sources */ = {isa = PBXBuildFile; fileRef = 06158E2728854D1E00C3BE6E /* UserProfileView.swift */; };
		06158E2A28854F4200C3BE6E /* AddressTileView.swift in Sources */ = {isa = PBXBuildFile; fileRef = 06158E2928854F4200C3BE6E /* AddressTileView.swift */; };
		06158E2C2885500100C3BE6E /* MapPlace.swift in Sources */ = {isa = PBXBuildFile; fileRef = 06158E2B2885500100C3BE6E /* MapPlace.swift */; };
		06158E3228855D6C00C3BE6E /* UpdateProfileView.swift in Sources */ = {isa = PBXBuildFile; fileRef = 06158E3128855D6C00C3BE6E /* UpdateProfileView.swift */; };
		06158E3428855DB100C3BE6E /* EditUserInfoTileView.swift in Sources */ = {isa = PBXBuildFile; fileRef = 06158E3328855DB100C3BE6E /* EditUserInfoTileView.swift */; };
		06158E36288560CF00C3BE6E /* TextFieldUnderlinedView.swift in Sources */ = {isa = PBXBuildFile; fileRef = 06158E35288560CF00C3BE6E /* TextFieldUnderlinedView.swift */; };
		06158E38288561C500C3BE6E /* UpdateAddressView.swift in Sources */ = {isa = PBXBuildFile; fileRef = 06158E37288561C500C3BE6E /* UpdateAddressView.swift */; };
		06158E3A2885772E00C3BE6E /* MissionsUpdateTileView.swift in Sources */ = {isa = PBXBuildFile; fileRef = 06158E392885772E00C3BE6E /* MissionsUpdateTileView.swift */; };
		06158E3C28857D5800C3BE6E /* PasswordFormTileView.swift in Sources */ = {isa = PBXBuildFile; fileRef = 06158E3B28857D5800C3BE6E /* PasswordFormTileView.swift */; };
		06158E3F288582C200C3BE6E /* VolunteersView.swift in Sources */ = {isa = PBXBuildFile; fileRef = 06158E3E288582C200C3BE6E /* VolunteersView.swift */; };
		06158E41288582DD00C3BE6E /* VolunteersController.swift in Sources */ = {isa = PBXBuildFile; fileRef = 06158E40288582DD00C3BE6E /* VolunteersController.swift */; };
		06158E432885835000C3BE6E /* VolunteersCodable.swift in Sources */ = {isa = PBXBuildFile; fileRef = 06158E422885835000C3BE6E /* VolunteersCodable.swift */; };
		06158E45288583B200C3BE6E /* VolunteersManager.swift in Sources */ = {isa = PBXBuildFile; fileRef = 06158E44288583B200C3BE6E /* VolunteersManager.swift */; };
		06158E4D28858B7500C3BE6E /* VolunteerProfileView.swift in Sources */ = {isa = PBXBuildFile; fileRef = 06158E4C28858B7500C3BE6E /* VolunteerProfileView.swift */; };
		06158E5028858BE200C3BE6E /* VolunteerImageInformationsTiles.swift in Sources */ = {isa = PBXBuildFile; fileRef = 06158E4F28858BE200C3BE6E /* VolunteerImageInformationsTiles.swift */; };
		06158E532885902D00C3BE6E /* TripsView.swift in Sources */ = {isa = PBXBuildFile; fileRef = 06158E522885902D00C3BE6E /* TripsView.swift */; };
		06158E552885909D00C3BE6E /* TripController.swift in Sources */ = {isa = PBXBuildFile; fileRef = 06158E542885909D00C3BE6E /* TripController.swift */; };
		06158E57288590AC00C3BE6E /* TripManager.swift in Sources */ = {isa = PBXBuildFile; fileRef = 06158E56288590AC00C3BE6E /* TripManager.swift */; };
		06158E59288590EB00C3BE6E /* TripCodable.swift in Sources */ = {isa = PBXBuildFile; fileRef = 06158E58288590EB00C3BE6E /* TripCodable.swift */; };
		06158E5D288595BD00C3BE6E /* TripTileView.swift in Sources */ = {isa = PBXBuildFile; fileRef = 06158E5C288595BD00C3BE6E /* TripTileView.swift */; };
		06158E5F288595F100C3BE6E /* Double.swift in Sources */ = {isa = PBXBuildFile; fileRef = 06158E5E288595F100C3BE6E /* Double.swift */; };
		06158E612885982000C3BE6E /* DetailedTripView.swift in Sources */ = {isa = PBXBuildFile; fileRef = 06158E602885982000C3BE6E /* DetailedTripView.swift */; };
		06158E6328859B5100C3BE6E /* UpdateTripView.swift in Sources */ = {isa = PBXBuildFile; fileRef = 06158E6228859B5100C3BE6E /* UpdateTripView.swift */; };
		06158E662885A57100C3BE6E /* HomeView.swift in Sources */ = {isa = PBXBuildFile; fileRef = 06158E652885A57100C3BE6E /* HomeView.swift */; };
		06158E692885A5FE00C3BE6E /* NewsTileView.swift in Sources */ = {isa = PBXBuildFile; fileRef = 06158E682885A5FE00C3BE6E /* NewsTileView.swift */; };
		061949DF28918D52002D95A1 /* ProfilePictureView.swift in Sources */ = {isa = PBXBuildFile; fileRef = 061949DE28918D52002D95A1 /* ProfilePictureView.swift */; };
		062DC6A42892A350004C401D /* ToolbarTabItemView.swift in Sources */ = {isa = PBXBuildFile; fileRef = 062DC6A32892A350004C401D /* ToolbarTabItemView.swift */; };
		062DC6A62893C37F004C401D /* activateAccount.json in Resources */ = {isa = PBXBuildFile; fileRef = 062DC6A52893C37F004C401D /* activateAccount.json */; };
		062DC6A82893C39E004C401D /* desactivateAccount.json in Resources */ = {isa = PBXBuildFile; fileRef = 062DC6A72893C39E004C401D /* desactivateAccount.json */; };
		062DC6AA2893C721004C401D /* updatePosition.json in Resources */ = {isa = PBXBuildFile; fileRef = 062DC6A92893C721004C401D /* updatePosition.json */; };
		062DC6AD2893E990004C401D /* Mixpanel in Frameworks */ = {isa = PBXBuildFile; productRef = 062DC6AC2893E990004C401D /* Mixpanel */; };
		062DC6AF2893F24E004C401D /* SearchAddressView.swift in Sources */ = {isa = PBXBuildFile; fileRef = 062DC6AE2893F24E004C401D /* SearchAddressView.swift */; };
		064EC28A28AE2B7900EDBB06 /* TripsExportView.swift in Sources */ = {isa = PBXBuildFile; fileRef = 064EC28928AE2B7900EDBB06 /* TripsExportView.swift */; };
		064EC28C28AE2F0F00EDBB06 /* UserInformationTextView.swift in Sources */ = {isa = PBXBuildFile; fileRef = 064EC28B28AE2F0F00EDBB06 /* UserInformationTextView.swift */; };
		064EC28E28AE61DF00EDBB06 /* export.json in Resources */ = {isa = PBXBuildFile; fileRef = 064EC28D28AE61DF00EDBB06 /* export.json */; };
		065E4754287B573600D32E05 /* AniTripApp.swift in Sources */ = {isa = PBXBuildFile; fileRef = 065E4753287B573600D32E05 /* AniTripApp.swift */; };
		065E4758287B573700D32E05 /* Assets.xcassets in Resources */ = {isa = PBXBuildFile; fileRef = 065E4757287B573700D32E05 /* Assets.xcassets */; };
		065E475B287B573700D32E05 /* Preview Assets.xcassets in Resources */ = {isa = PBXBuildFile; fileRef = 065E475A287B573700D32E05 /* Preview Assets.xcassets */; };
		065E4783287B579000D32E05 /* Alamofire in Frameworks */ = {isa = PBXBuildFile; productRef = 065E4782287B579000D32E05 /* Alamofire */; };
		065E4788287B581000D32E05 /* CircularSpinnerView.swift in Sources */ = {isa = PBXBuildFile; fileRef = 065E4787287B581000D32E05 /* CircularSpinnerView.swift */; };
		065E478A287B58C600D32E05 /* LoginView.swift in Sources */ = {isa = PBXBuildFile; fileRef = 065E4789287B58C600D32E05 /* LoginView.swift */; };
		065FF5742886D9B7001BF623 /* Date.swift in Sources */ = {isa = PBXBuildFile; fileRef = 065FF5732886D9B7001BF623 /* Date.swift */; };
		065FF5762886DC4E001BF623 /* SearchTextFieldView.swift in Sources */ = {isa = PBXBuildFile; fileRef = 065FF5752886DC4E001BF623 /* SearchTextFieldView.swift */; };
		067DF8822891641200323F2A /* TripManagerTests.swift in Sources */ = {isa = PBXBuildFile; fileRef = 067DF8812891641200323F2A /* TripManagerTests.swift */; };
		067DF8842891651B00323F2A /* trips.json in Resources */ = {isa = PBXBuildFile; fileRef = 067DF8832891651B00323F2A /* trips.json */; };
		067DF88628916C8600323F2A /* threeLatestsTrips.json in Resources */ = {isa = PBXBuildFile; fileRef = 067DF88528916C8600323F2A /* threeLatestsTrips.json */; };
		067DF88828916FEA00323F2A /* news.json in Resources */ = {isa = PBXBuildFile; fileRef = 067DF88728916FEA00323F2A /* news.json */; };
		067DF88A28916FF700323F2A /* chartPoints.json in Resources */ = {isa = PBXBuildFile; fileRef = 067DF88928916FF700323F2A /* chartPoints.json */; };
		068FDB9E2886F2E000ACA72D /* DetectAddressView.swift in Sources */ = {isa = PBXBuildFile; fileRef = 068FDB9D2886F2E000ACA72D /* DetectAddressView.swift */; };
		068FDBA02886FE1800ACA72D /* LocationController.swift in Sources */ = {isa = PBXBuildFile; fileRef = 068FDB9F2886FE1800ACA72D /* LocationController.swift */; };
		068FDBE72887301E00ACA72D /* StartAddressView.swift in Sources */ = {isa = PBXBuildFile; fileRef = 068FDBE62887301E00ACA72D /* StartAddressView.swift */; };
		068FDBE9288745EC00ACA72D /* View.swift in Sources */ = {isa = PBXBuildFile; fileRef = 068FDBE8288745EC00ACA72D /* View.swift */; };
		068FDBEC2887461700ACA72D /* RoundedCorner.swift in Sources */ = {isa = PBXBuildFile; fileRef = 068FDBEB2887461700ACA72D /* RoundedCorner.swift */; };
		0690C41D28887CB900B57B92 /* VolunteerTileView.swift in Sources */ = {isa = PBXBuildFile; fileRef = 0690C41C28887CB900B57B92 /* VolunteerTileView.swift */; };
		0690C41F28887EB200B57B92 /* TripListView.swift in Sources */ = {isa = PBXBuildFile; fileRef = 0690C41E28887EB200B57B92 /* TripListView.swift */; };
		0690C4232888CE2600B57B92 /* AppDelegate.swift in Sources */ = {isa = PBXBuildFile; fileRef = 0690C4222888CE2600B57B92 /* AppDelegate.swift */; };
		0690C4252889737900B57B92 /* ActivateAccountView.swift in Sources */ = {isa = PBXBuildFile; fileRef = 0690C4242889737900B57B92 /* ActivateAccountView.swift */; };
		06955E972887F49D006B502B /* EndAddressView.swift in Sources */ = {isa = PBXBuildFile; fileRef = 06955E962887F49D006B502B /* EndAddressView.swift */; };
		06955E992887F5E6006B502B /* TripDistanceView.swift in Sources */ = {isa = PBXBuildFile; fileRef = 06955E982887F5E6006B502B /* TripDistanceView.swift */; };
		06955E9B2887FB26006B502B /* TripDateView.swift in Sources */ = {isa = PBXBuildFile; fileRef = 06955E9A2887FB26006B502B /* TripDateView.swift */; };
		06955E9D2887FD1C006B502B /* TripMissionsView.swift in Sources */ = {isa = PBXBuildFile; fileRef = 06955E9C2887FD1C006B502B /* TripMissionsView.swift */; };
		06955E9F2887FFD4006B502B /* TripCommentView.swift in Sources */ = {isa = PBXBuildFile; fileRef = 06955E9E2887FFD4006B502B /* TripCommentView.swift */; };
		06955EA1288816F5006B502B /* RouteView.swift in Sources */ = {isa = PBXBuildFile; fileRef = 06955EA0288816F5006B502B /* RouteView.swift */; };
		069F552028CF921E0089ADB4 /* image.jpeg in Resources */ = {isa = PBXBuildFile; fileRef = 069F551F28CF921E0089ADB4 /* image.jpeg */; };
		069F552228CF93F10089ADB4 /* loginNoImage.json in Resources */ = {isa = PBXBuildFile; fileRef = 069F552128CF93F10089ADB4 /* loginNoImage.json */; };
		06BF7243287B5A22006F0839 /* TextFieldWithIcon.swift in Sources */ = {isa = PBXBuildFile; fileRef = 06BF7242287B5A22006F0839 /* TextFieldWithIcon.swift */; };
		06BF7245287B5B63006F0839 /* ButtonWithIcon.swift in Sources */ = {isa = PBXBuildFile; fileRef = 06BF7244287B5B63006F0839 /* ButtonWithIcon.swift */; };
		06BF7247287B5C6E006F0839 /* UserController.swift in Sources */ = {isa = PBXBuildFile; fileRef = 06BF7246287B5C6E006F0839 /* UserController.swift */; };
		06BF7249287B603A006F0839 /* AppController.swift in Sources */ = {isa = PBXBuildFile; fileRef = 06BF7248287B603A006F0839 /* AppController.swift */; };
		06BF724B287B66D3006F0839 /* LoadingInProgressView.swift in Sources */ = {isa = PBXBuildFile; fileRef = 06BF724A287B66D3006F0839 /* LoadingInProgressView.swift */; };
		06BF724D287B6C62006F0839 /* UserManager.swift in Sources */ = {isa = PBXBuildFile; fileRef = 06BF724C287B6C62006F0839 /* UserManager.swift */; };
		06BF7250287B6C71006F0839 /* String.swift in Sources */ = {isa = PBXBuildFile; fileRef = 06BF724F287B6C71006F0839 /* String.swift */; };
		06BF7252287B6D51006F0839 /* UserCodable.swift in Sources */ = {isa = PBXBuildFile; fileRef = 06BF7251287B6D51006F0839 /* UserCodable.swift */; };
		06BF7254287B6F2A006F0839 /* NetworkManager.swift in Sources */ = {isa = PBXBuildFile; fileRef = 06BF7253287B6F2A006F0839 /* NetworkManager.swift */; };
		06BF7256287B6F6E006F0839 /* Network.swift in Sources */ = {isa = PBXBuildFile; fileRef = 06BF7255287B6F6E006F0839 /* Network.swift */; };
		06BF7258287B71FD006F0839 /* Notification.swift in Sources */ = {isa = PBXBuildFile; fileRef = 06BF7257287B71FD006F0839 /* Notification.swift */; };
		06BF725A287B73AE006F0839 /* AddressCodable.swift in Sources */ = {isa = PBXBuildFile; fileRef = 06BF7259287B73AE006F0839 /* AddressCodable.swift */; };
		06BF7264287E1117006F0839 /* CreateAccountView.swift in Sources */ = {isa = PBXBuildFile; fileRef = 06BF7263287E1117006F0839 /* CreateAccountView.swift */; };
		06BF7266287E1484006F0839 /* AppView.swift in Sources */ = {isa = PBXBuildFile; fileRef = 06BF7265287E1484006F0839 /* AppView.swift */; };
		06BF726B288539B4006F0839 /* SettingsView.swift in Sources */ = {isa = PBXBuildFile; fileRef = 06BF726A288539B4006F0839 /* SettingsView.swift */; };
		06BF726E28853CAE006F0839 /* UserCellView.swift in Sources */ = {isa = PBXBuildFile; fileRef = 06BF726D28853CAE006F0839 /* UserCellView.swift */; };
		06D632D328885B73004193A0 /* SwiftUICharts in Frameworks */ = {isa = PBXBuildFile; productRef = 06D632D228885B73004193A0 /* SwiftUICharts */; };
		06FBF141288EF67500222480 /* LoginToolbar.swift in Sources */ = {isa = PBXBuildFile; fileRef = 06FBF140288EF67500222480 /* LoginToolbar.swift */; };
		06FBF144288EF78200222480 /* LoginSubview.swift in Sources */ = {isa = PBXBuildFile; fileRef = 06FBF143288EF78200222480 /* LoginSubview.swift */; };
		06FBF148289009F900222480 /* UpdateProfileImageView.swift in Sources */ = {isa = PBXBuildFile; fileRef = 06FBF147289009F900222480 /* UpdateProfileImageView.swift */; };
		06FBF14A28900C3600222480 /* ImagePicker.swift in Sources */ = {isa = PBXBuildFile; fileRef = 06FBF14928900C3600222480 /* ImagePicker.swift */; };
		06FBF15028912AEE00222480 /* FakeResponseData.swift in Sources */ = {isa = PBXBuildFile; fileRef = 06FBF14F28912AEE00222480 /* FakeResponseData.swift */; };
		06FBF15228912C8500222480 /* MultiPartFormData.swift in Sources */ = {isa = PBXBuildFile; fileRef = 06FBF15128912C8500222480 /* MultiPartFormData.swift */; };
		06FBF15428912CDA00222480 /* FakeNetworkManager.swift in Sources */ = {isa = PBXBuildFile; fileRef = 06FBF15328912CDA00222480 /* FakeNetworkManager.swift */; };
		06FBF157289135BB00222480 /* login.json in Resources */ = {isa = PBXBuildFile; fileRef = 06FBF156289135BB00222480 /* login.json */; };
		06FBF1592891371B00222480 /* UserManagerTests.swift in Sources */ = {isa = PBXBuildFile; fileRef = 06FBF1582891371B00222480 /* UserManagerTests.swift */; };
		06FBF15C289148FB00222480 /* UpdateProfile.json in Resources */ = {isa = PBXBuildFile; fileRef = 06FBF15B289148FB00222480 /* UpdateProfile.json */; };
		06FBF15E28915BB600222480 /* VolunteersManagerTest.swift in Sources */ = {isa = PBXBuildFile; fileRef = 06FBF15D28915BB600222480 /* VolunteersManagerTest.swift */; };
		06FBF16028915D7800222480 /* volunteerList.json in Resources */ = {isa = PBXBuildFile; fileRef = 06FBF15F28915D7800222480 /* volunteerList.json */; };
/* End PBXBuildFile section */

/* Begin PBXContainerItemProxy section */
		065E4761287B573700D32E05 /* PBXContainerItemProxy */ = {
			isa = PBXContainerItemProxy;
			containerPortal = 065E4748287B573600D32E05 /* Project object */;
			proxyType = 1;
			remoteGlobalIDString = 065E474F287B573600D32E05;
			remoteInfo = AniTrip;
		};
/* End PBXContainerItemProxy section */

/* Begin PBXFileReference section */
		060A8B5428AE18C50015BA4D /* TripsExportFilterView.swift */ = {isa = PBXFileReference; lastKnownFileType = sourcecode.swift; path = TripsExportFilterView.swift; sourceTree = "<group>"; };
		06158E2728854D1E00C3BE6E /* UserProfileView.swift */ = {isa = PBXFileReference; lastKnownFileType = sourcecode.swift; path = UserProfileView.swift; sourceTree = "<group>"; };
		06158E2928854F4200C3BE6E /* AddressTileView.swift */ = {isa = PBXFileReference; lastKnownFileType = sourcecode.swift; path = AddressTileView.swift; sourceTree = "<group>"; };
		06158E2B2885500100C3BE6E /* MapPlace.swift */ = {isa = PBXFileReference; lastKnownFileType = sourcecode.swift; path = MapPlace.swift; sourceTree = "<group>"; };
		06158E3128855D6C00C3BE6E /* UpdateProfileView.swift */ = {isa = PBXFileReference; lastKnownFileType = sourcecode.swift; path = UpdateProfileView.swift; sourceTree = "<group>"; };
		06158E3328855DB100C3BE6E /* EditUserInfoTileView.swift */ = {isa = PBXFileReference; lastKnownFileType = sourcecode.swift; path = EditUserInfoTileView.swift; sourceTree = "<group>"; };
		06158E35288560CF00C3BE6E /* TextFieldUnderlinedView.swift */ = {isa = PBXFileReference; lastKnownFileType = sourcecode.swift; path = TextFieldUnderlinedView.swift; sourceTree = "<group>"; };
		06158E37288561C500C3BE6E /* UpdateAddressView.swift */ = {isa = PBXFileReference; lastKnownFileType = sourcecode.swift; path = UpdateAddressView.swift; sourceTree = "<group>"; };
		06158E392885772E00C3BE6E /* MissionsUpdateTileView.swift */ = {isa = PBXFileReference; lastKnownFileType = sourcecode.swift; path = MissionsUpdateTileView.swift; sourceTree = "<group>"; };
		06158E3B28857D5800C3BE6E /* PasswordFormTileView.swift */ = {isa = PBXFileReference; lastKnownFileType = sourcecode.swift; path = PasswordFormTileView.swift; sourceTree = "<group>"; };
		06158E3E288582C200C3BE6E /* VolunteersView.swift */ = {isa = PBXFileReference; lastKnownFileType = sourcecode.swift; path = VolunteersView.swift; sourceTree = "<group>"; };
		06158E40288582DD00C3BE6E /* VolunteersController.swift */ = {isa = PBXFileReference; lastKnownFileType = sourcecode.swift; path = VolunteersController.swift; sourceTree = "<group>"; };
		06158E422885835000C3BE6E /* VolunteersCodable.swift */ = {isa = PBXFileReference; lastKnownFileType = sourcecode.swift; path = VolunteersCodable.swift; sourceTree = "<group>"; };
		06158E44288583B200C3BE6E /* VolunteersManager.swift */ = {isa = PBXFileReference; lastKnownFileType = sourcecode.swift; path = VolunteersManager.swift; sourceTree = "<group>"; };
		06158E4C28858B7500C3BE6E /* VolunteerProfileView.swift */ = {isa = PBXFileReference; lastKnownFileType = sourcecode.swift; path = VolunteerProfileView.swift; sourceTree = "<group>"; };
		06158E4F28858BE200C3BE6E /* VolunteerImageInformationsTiles.swift */ = {isa = PBXFileReference; lastKnownFileType = sourcecode.swift; path = VolunteerImageInformationsTiles.swift; sourceTree = "<group>"; };
		06158E522885902D00C3BE6E /* TripsView.swift */ = {isa = PBXFileReference; lastKnownFileType = sourcecode.swift; path = TripsView.swift; sourceTree = "<group>"; };
		06158E542885909D00C3BE6E /* TripController.swift */ = {isa = PBXFileReference; lastKnownFileType = sourcecode.swift; path = TripController.swift; sourceTree = "<group>"; };
		06158E56288590AC00C3BE6E /* TripManager.swift */ = {isa = PBXFileReference; lastKnownFileType = sourcecode.swift; path = TripManager.swift; sourceTree = "<group>"; };
		06158E58288590EB00C3BE6E /* TripCodable.swift */ = {isa = PBXFileReference; lastKnownFileType = sourcecode.swift; path = TripCodable.swift; sourceTree = "<group>"; };
		06158E5C288595BD00C3BE6E /* TripTileView.swift */ = {isa = PBXFileReference; lastKnownFileType = sourcecode.swift; path = TripTileView.swift; sourceTree = "<group>"; };
		06158E5E288595F100C3BE6E /* Double.swift */ = {isa = PBXFileReference; lastKnownFileType = sourcecode.swift; path = Double.swift; sourceTree = "<group>"; };
		06158E602885982000C3BE6E /* DetailedTripView.swift */ = {isa = PBXFileReference; lastKnownFileType = sourcecode.swift; path = DetailedTripView.swift; sourceTree = "<group>"; };
		06158E6228859B5100C3BE6E /* UpdateTripView.swift */ = {isa = PBXFileReference; lastKnownFileType = sourcecode.swift; path = UpdateTripView.swift; sourceTree = "<group>"; };
		06158E652885A57100C3BE6E /* HomeView.swift */ = {isa = PBXFileReference; lastKnownFileType = sourcecode.swift; path = HomeView.swift; sourceTree = "<group>"; };
		06158E682885A5FE00C3BE6E /* NewsTileView.swift */ = {isa = PBXFileReference; lastKnownFileType = sourcecode.swift; path = NewsTileView.swift; sourceTree = "<group>"; };
		061949DE28918D52002D95A1 /* ProfilePictureView.swift */ = {isa = PBXFileReference; lastKnownFileType = sourcecode.swift; path = ProfilePictureView.swift; sourceTree = "<group>"; };
		062DC6A32892A350004C401D /* ToolbarTabItemView.swift */ = {isa = PBXFileReference; lastKnownFileType = sourcecode.swift; path = ToolbarTabItemView.swift; sourceTree = "<group>"; };
		062DC6A52893C37F004C401D /* activateAccount.json */ = {isa = PBXFileReference; lastKnownFileType = text.json; path = activateAccount.json; sourceTree = "<group>"; };
		062DC6A72893C39E004C401D /* desactivateAccount.json */ = {isa = PBXFileReference; lastKnownFileType = text.json; path = desactivateAccount.json; sourceTree = "<group>"; };
		062DC6A92893C721004C401D /* updatePosition.json */ = {isa = PBXFileReference; lastKnownFileType = text.json; path = updatePosition.json; sourceTree = "<group>"; };
		062DC6AE2893F24E004C401D /* SearchAddressView.swift */ = {isa = PBXFileReference; fileEncoding = 4; lastKnownFileType = sourcecode.swift; path = SearchAddressView.swift; sourceTree = "<group>"; };
		064EC28928AE2B7900EDBB06 /* TripsExportView.swift */ = {isa = PBXFileReference; lastKnownFileType = sourcecode.swift; path = TripsExportView.swift; sourceTree = "<group>"; };
		064EC28B28AE2F0F00EDBB06 /* UserInformationTextView.swift */ = {isa = PBXFileReference; lastKnownFileType = sourcecode.swift; path = UserInformationTextView.swift; sourceTree = "<group>"; };
		064EC28D28AE61DF00EDBB06 /* export.json */ = {isa = PBXFileReference; lastKnownFileType = text.json; path = export.json; sourceTree = "<group>"; };
		065E4750287B573600D32E05 /* AniTrip.app */ = {isa = PBXFileReference; explicitFileType = wrapper.application; includeInIndex = 0; path = AniTrip.app; sourceTree = BUILT_PRODUCTS_DIR; };
		065E4753287B573600D32E05 /* AniTripApp.swift */ = {isa = PBXFileReference; lastKnownFileType = sourcecode.swift; path = AniTripApp.swift; sourceTree = "<group>"; };
		065E4757287B573700D32E05 /* Assets.xcassets */ = {isa = PBXFileReference; lastKnownFileType = folder.assetcatalog; path = Assets.xcassets; sourceTree = "<group>"; };
		065E475A287B573700D32E05 /* Preview Assets.xcassets */ = {isa = PBXFileReference; lastKnownFileType = folder.assetcatalog; path = "Preview Assets.xcassets"; sourceTree = "<group>"; };
		065E4760287B573700D32E05 /* AniTripTests.xctest */ = {isa = PBXFileReference; explicitFileType = wrapper.cfbundle; includeInIndex = 0; path = AniTripTests.xctest; sourceTree = BUILT_PRODUCTS_DIR; };
		065E4787287B581000D32E05 /* CircularSpinnerView.swift */ = {isa = PBXFileReference; lastKnownFileType = sourcecode.swift; path = CircularSpinnerView.swift; sourceTree = "<group>"; };
		065E4789287B58C600D32E05 /* LoginView.swift */ = {isa = PBXFileReference; lastKnownFileType = sourcecode.swift; path = LoginView.swift; sourceTree = "<group>"; };
		065FF5732886D9B7001BF623 /* Date.swift */ = {isa = PBXFileReference; lastKnownFileType = sourcecode.swift; path = Date.swift; sourceTree = "<group>"; };
		065FF5752886DC4E001BF623 /* SearchTextFieldView.swift */ = {isa = PBXFileReference; lastKnownFileType = sourcecode.swift; path = SearchTextFieldView.swift; sourceTree = "<group>"; };
		067DF8812891641200323F2A /* TripManagerTests.swift */ = {isa = PBXFileReference; lastKnownFileType = sourcecode.swift; path = TripManagerTests.swift; sourceTree = "<group>"; };
		067DF8832891651B00323F2A /* trips.json */ = {isa = PBXFileReference; lastKnownFileType = text.json; path = trips.json; sourceTree = "<group>"; };
		067DF88528916C8600323F2A /* threeLatestsTrips.json */ = {isa = PBXFileReference; lastKnownFileType = text.json; path = threeLatestsTrips.json; sourceTree = "<group>"; };
		067DF88728916FEA00323F2A /* news.json */ = {isa = PBXFileReference; lastKnownFileType = text.json; path = news.json; sourceTree = "<group>"; };
		067DF88928916FF700323F2A /* chartPoints.json */ = {isa = PBXFileReference; lastKnownFileType = text.json; path = chartPoints.json; sourceTree = "<group>"; };
		068FDB9D2886F2E000ACA72D /* DetectAddressView.swift */ = {isa = PBXFileReference; lastKnownFileType = sourcecode.swift; path = DetectAddressView.swift; sourceTree = "<group>"; };
		068FDB9F2886FE1800ACA72D /* LocationController.swift */ = {isa = PBXFileReference; lastKnownFileType = sourcecode.swift; path = LocationController.swift; sourceTree = "<group>"; };
		068FDBE62887301E00ACA72D /* StartAddressView.swift */ = {isa = PBXFileReference; lastKnownFileType = sourcecode.swift; path = StartAddressView.swift; sourceTree = "<group>"; };
		068FDBE8288745EC00ACA72D /* View.swift */ = {isa = PBXFileReference; lastKnownFileType = sourcecode.swift; path = View.swift; sourceTree = "<group>"; };
		068FDBEB2887461700ACA72D /* RoundedCorner.swift */ = {isa = PBXFileReference; lastKnownFileType = sourcecode.swift; path = RoundedCorner.swift; sourceTree = "<group>"; };
		0690C41C28887CB900B57B92 /* VolunteerTileView.swift */ = {isa = PBXFileReference; lastKnownFileType = sourcecode.swift; path = VolunteerTileView.swift; sourceTree = "<group>"; };
		0690C41E28887EB200B57B92 /* TripListView.swift */ = {isa = PBXFileReference; lastKnownFileType = sourcecode.swift; path = TripListView.swift; sourceTree = "<group>"; };
		0690C4202888CDB900B57B92 /* AniTrip.entitlements */ = {isa = PBXFileReference; lastKnownFileType = text.plist.entitlements; path = AniTrip.entitlements; sourceTree = "<group>"; };
		0690C4212888CDC900B57B92 /* Info.plist */ = {isa = PBXFileReference; lastKnownFileType = text.plist; path = Info.plist; sourceTree = "<group>"; };
		0690C4222888CE2600B57B92 /* AppDelegate.swift */ = {isa = PBXFileReference; lastKnownFileType = sourcecode.swift; path = AppDelegate.swift; sourceTree = "<group>"; };
		0690C4242889737900B57B92 /* ActivateAccountView.swift */ = {isa = PBXFileReference; lastKnownFileType = sourcecode.swift; path = ActivateAccountView.swift; sourceTree = "<group>"; };
		06955E962887F49D006B502B /* EndAddressView.swift */ = {isa = PBXFileReference; lastKnownFileType = sourcecode.swift; path = EndAddressView.swift; sourceTree = "<group>"; };
		06955E982887F5E6006B502B /* TripDistanceView.swift */ = {isa = PBXFileReference; lastKnownFileType = sourcecode.swift; path = TripDistanceView.swift; sourceTree = "<group>"; };
		06955E9A2887FB26006B502B /* TripDateView.swift */ = {isa = PBXFileReference; lastKnownFileType = sourcecode.swift; path = TripDateView.swift; sourceTree = "<group>"; };
		06955E9C2887FD1C006B502B /* TripMissionsView.swift */ = {isa = PBXFileReference; lastKnownFileType = sourcecode.swift; path = TripMissionsView.swift; sourceTree = "<group>"; };
		06955E9E2887FFD4006B502B /* TripCommentView.swift */ = {isa = PBXFileReference; lastKnownFileType = sourcecode.swift; path = TripCommentView.swift; sourceTree = "<group>"; };
		06955EA0288816F5006B502B /* RouteView.swift */ = {isa = PBXFileReference; lastKnownFileType = sourcecode.swift; path = RouteView.swift; sourceTree = "<group>"; };
		069F551F28CF921E0089ADB4 /* image.jpeg */ = {isa = PBXFileReference; lastKnownFileType = image.jpeg; name = image.jpeg; path = ../../../../../../../../../../Downloads/image.jpeg; sourceTree = "<group>"; };
		069F552128CF93F10089ADB4 /* loginNoImage.json */ = {isa = PBXFileReference; lastKnownFileType = text.json; path = loginNoImage.json; sourceTree = "<group>"; };
		06BF7242287B5A22006F0839 /* TextFieldWithIcon.swift */ = {isa = PBXFileReference; lastKnownFileType = sourcecode.swift; path = TextFieldWithIcon.swift; sourceTree = "<group>"; };
		06BF7244287B5B63006F0839 /* ButtonWithIcon.swift */ = {isa = PBXFileReference; lastKnownFileType = sourcecode.swift; path = ButtonWithIcon.swift; sourceTree = "<group>"; };
		06BF7246287B5C6E006F0839 /* UserController.swift */ = {isa = PBXFileReference; lastKnownFileType = sourcecode.swift; path = UserController.swift; sourceTree = "<group>"; };
		06BF7248287B603A006F0839 /* AppController.swift */ = {isa = PBXFileReference; lastKnownFileType = sourcecode.swift; path = AppController.swift; sourceTree = "<group>"; };
		06BF724A287B66D3006F0839 /* LoadingInProgressView.swift */ = {isa = PBXFileReference; lastKnownFileType = sourcecode.swift; path = LoadingInProgressView.swift; sourceTree = "<group>"; };
		06BF724C287B6C62006F0839 /* UserManager.swift */ = {isa = PBXFileReference; lastKnownFileType = sourcecode.swift; path = UserManager.swift; sourceTree = "<group>"; };
		06BF724F287B6C71006F0839 /* String.swift */ = {isa = PBXFileReference; lastKnownFileType = sourcecode.swift; path = String.swift; sourceTree = "<group>"; };
		06BF7251287B6D51006F0839 /* UserCodable.swift */ = {isa = PBXFileReference; lastKnownFileType = sourcecode.swift; path = UserCodable.swift; sourceTree = "<group>"; };
		06BF7253287B6F2A006F0839 /* NetworkManager.swift */ = {isa = PBXFileReference; lastKnownFileType = sourcecode.swift; path = NetworkManager.swift; sourceTree = "<group>"; };
		06BF7255287B6F6E006F0839 /* Network.swift */ = {isa = PBXFileReference; lastKnownFileType = sourcecode.swift; path = Network.swift; sourceTree = "<group>"; };
		06BF7257287B71FD006F0839 /* Notification.swift */ = {isa = PBXFileReference; lastKnownFileType = sourcecode.swift; path = Notification.swift; sourceTree = "<group>"; };
		06BF7259287B73AE006F0839 /* AddressCodable.swift */ = {isa = PBXFileReference; lastKnownFileType = sourcecode.swift; path = AddressCodable.swift; sourceTree = "<group>"; };
		06BF7263287E1117006F0839 /* CreateAccountView.swift */ = {isa = PBXFileReference; lastKnownFileType = sourcecode.swift; path = CreateAccountView.swift; sourceTree = "<group>"; };
		06BF7265287E1484006F0839 /* AppView.swift */ = {isa = PBXFileReference; lastKnownFileType = sourcecode.swift; path = AppView.swift; sourceTree = "<group>"; };
		06BF726A288539B4006F0839 /* SettingsView.swift */ = {isa = PBXFileReference; lastKnownFileType = sourcecode.swift; path = SettingsView.swift; sourceTree = "<group>"; };
		06BF726D28853CAE006F0839 /* UserCellView.swift */ = {isa = PBXFileReference; lastKnownFileType = sourcecode.swift; path = UserCellView.swift; sourceTree = "<group>"; };
		06FBF140288EF67500222480 /* LoginToolbar.swift */ = {isa = PBXFileReference; lastKnownFileType = sourcecode.swift; path = LoginToolbar.swift; sourceTree = "<group>"; };
		06FBF143288EF78200222480 /* LoginSubview.swift */ = {isa = PBXFileReference; lastKnownFileType = sourcecode.swift; path = LoginSubview.swift; sourceTree = "<group>"; };
		06FBF147289009F900222480 /* UpdateProfileImageView.swift */ = {isa = PBXFileReference; lastKnownFileType = sourcecode.swift; path = UpdateProfileImageView.swift; sourceTree = "<group>"; };
		06FBF14928900C3600222480 /* ImagePicker.swift */ = {isa = PBXFileReference; lastKnownFileType = sourcecode.swift; path = ImagePicker.swift; sourceTree = "<group>"; };
		06FBF14F28912AEE00222480 /* FakeResponseData.swift */ = {isa = PBXFileReference; lastKnownFileType = sourcecode.swift; path = FakeResponseData.swift; sourceTree = "<group>"; };
		06FBF15128912C8500222480 /* MultiPartFormData.swift */ = {isa = PBXFileReference; lastKnownFileType = sourcecode.swift; path = MultiPartFormData.swift; sourceTree = "<group>"; };
		06FBF15328912CDA00222480 /* FakeNetworkManager.swift */ = {isa = PBXFileReference; lastKnownFileType = sourcecode.swift; path = FakeNetworkManager.swift; sourceTree = "<group>"; };
		06FBF156289135BB00222480 /* login.json */ = {isa = PBXFileReference; lastKnownFileType = text.json; path = login.json; sourceTree = "<group>"; };
		06FBF1582891371B00222480 /* UserManagerTests.swift */ = {isa = PBXFileReference; lastKnownFileType = sourcecode.swift; path = UserManagerTests.swift; sourceTree = "<group>"; };
		06FBF15B289148FB00222480 /* UpdateProfile.json */ = {isa = PBXFileReference; lastKnownFileType = text.json; path = UpdateProfile.json; sourceTree = "<group>"; };
		06FBF15D28915BB600222480 /* VolunteersManagerTest.swift */ = {isa = PBXFileReference; lastKnownFileType = sourcecode.swift; path = VolunteersManagerTest.swift; sourceTree = "<group>"; };
		06FBF15F28915D7800222480 /* volunteerList.json */ = {isa = PBXFileReference; lastKnownFileType = text.json; path = volunteerList.json; sourceTree = "<group>"; };
/* End PBXFileReference section */

/* Begin PBXFrameworksBuildPhase section */
		065E474D287B573600D32E05 /* Frameworks */ = {
			isa = PBXFrameworksBuildPhase;
			buildActionMask = 2147483647;
			files = (
				062DC6AD2893E990004C401D /* Mixpanel in Frameworks */,
				065E4783287B579000D32E05 /* Alamofire in Frameworks */,
				06D632D328885B73004193A0 /* SwiftUICharts in Frameworks */,
			);
			runOnlyForDeploymentPostprocessing = 0;
		};
		065E475D287B573700D32E05 /* Frameworks */ = {
			isa = PBXFrameworksBuildPhase;
			buildActionMask = 2147483647;
			files = (
			);
			runOnlyForDeploymentPostprocessing = 0;
		};
/* End PBXFrameworksBuildPhase section */

/* Begin PBXGroup section */
		06158E4A28858B4E00C3BE6E /* Volunteers Tab */ = {
			isa = PBXGroup;
			children = (
				06158E4E28858BC400C3BE6E /* Volunteers Components */,
				06158E4B28858B5E00C3BE6E /* Volunteers Subviews */,
				06158E3E288582C200C3BE6E /* VolunteersView.swift */,
			);
			path = "Volunteers Tab";
			sourceTree = "<group>";
		};
		06158E4B28858B5E00C3BE6E /* Volunteers Subviews */ = {
			isa = PBXGroup;
			children = (
				06158E4C28858B7500C3BE6E /* VolunteerProfileView.swift */,
			);
			path = "Volunteers Subviews";
			sourceTree = "<group>";
		};
		06158E4E28858BC400C3BE6E /* Volunteers Components */ = {
			isa = PBXGroup;
			children = (
				06158E4F28858BE200C3BE6E /* VolunteerImageInformationsTiles.swift */,
				0690C41C28887CB900B57B92 /* VolunteerTileView.swift */,
			);
			path = "Volunteers Components";
			sourceTree = "<group>";
		};
		06158E512885901F00C3BE6E /* Trips Tab */ = {
			isa = PBXGroup;
			children = (
				06158E5B288595A800C3BE6E /* Trip Subviews */,
				06158E5A288595A100C3BE6E /* Trip Components */,
				06158E522885902D00C3BE6E /* TripsView.swift */,
			);
			path = "Trips Tab";
			sourceTree = "<group>";
		};
		06158E5A288595A100C3BE6E /* Trip Components */ = {
			isa = PBXGroup;
			children = (
				06158E5C288595BD00C3BE6E /* TripTileView.swift */,
				06158E602885982000C3BE6E /* DetailedTripView.swift */,
				06955EA0288816F5006B502B /* RouteView.swift */,
			);
			path = "Trip Components";
			sourceTree = "<group>";
		};
		06158E5B288595A800C3BE6E /* Trip Subviews */ = {
			isa = PBXGroup;
			children = (
				068FDBE62887301E00ACA72D /* StartAddressView.swift */,
				06955E962887F49D006B502B /* EndAddressView.swift */,
				06955E982887F5E6006B502B /* TripDistanceView.swift */,
				06955E9A2887FB26006B502B /* TripDateView.swift */,
				06955E9C2887FD1C006B502B /* TripMissionsView.swift */,
				06955E9E2887FFD4006B502B /* TripCommentView.swift */,
				06158E6228859B5100C3BE6E /* UpdateTripView.swift */,
				0690C41E28887EB200B57B92 /* TripListView.swift */,
				060A8B5428AE18C50015BA4D /* TripsExportFilterView.swift */,
				064EC28928AE2B7900EDBB06 /* TripsExportView.swift */,
			);
			path = "Trip Subviews";
			sourceTree = "<group>";
		};
		06158E642885A56900C3BE6E /* Home Tab */ = {
			isa = PBXGroup;
			children = (
				06158E672885A5D800C3BE6E /* Home Components */,
				06158E652885A57100C3BE6E /* HomeView.swift */,
			);
			path = "Home Tab";
			sourceTree = "<group>";
		};
		06158E672885A5D800C3BE6E /* Home Components */ = {
			isa = PBXGroup;
			children = (
				06158E682885A5FE00C3BE6E /* NewsTileView.swift */,
			);
			path = "Home Components";
			sourceTree = "<group>";
		};
		065E4747287B573600D32E05 = {
			isa = PBXGroup;
			children = (
				065E4752287B573600D32E05 /* AniTrip */,
				065E4763287B573700D32E05 /* AniTripTests */,
				065E4751287B573600D32E05 /* Products */,
			);
			sourceTree = "<group>";
		};
		065E4751287B573600D32E05 /* Products */ = {
			isa = PBXGroup;
			children = (
				065E4750287B573600D32E05 /* AniTrip.app */,
				065E4760287B573700D32E05 /* AniTripTests.xctest */,
			);
			name = Products;
			sourceTree = "<group>";
		};
		065E4752287B573600D32E05 /* AniTrip */ = {
			isa = PBXGroup;
			children = (
				0690C4212888CDC900B57B92 /* Info.plist */,
				0690C4202888CDB900B57B92 /* AniTrip.entitlements */,
				06BF724E287B6C69006F0839 /* Extension */,
				065E4780287B574700D32E05 /* Supporting Files */,
				065E477F287B574200D32E05 /* Controller */,
				065E477E287B573E00D32E05 /* View */,
				065E477D287B573A00D32E05 /* Model */,
			);
			path = AniTrip;
			sourceTree = "<group>";
		};
		065E4759287B573700D32E05 /* Preview Content */ = {
			isa = PBXGroup;
			children = (
				065E475A287B573700D32E05 /* Preview Assets.xcassets */,
			);
			path = "Preview Content";
			sourceTree = "<group>";
		};
		065E4763287B573700D32E05 /* AniTripTests */ = {
			isa = PBXGroup;
			children = (
				06FBF1632891634700222480 /* Fake Network */,
				06FBF15A28913B4C00222480 /* FakeResponses */,
				06FBF1582891371B00222480 /* UserManagerTests.swift */,
				06FBF15D28915BB600222480 /* VolunteersManagerTest.swift */,
				067DF8812891641200323F2A /* TripManagerTests.swift */,
			);
			path = AniTripTests;
			sourceTree = "<group>";
		};
		065E477D287B573A00D32E05 /* Model */ = {
			isa = PBXGroup;
			children = (
				06FBF162289162E800222480 /* Network */,
				06FBF161289162CC00222480 /* Codables */,
				06BF724C287B6C62006F0839 /* UserManager.swift */,
				06158E44288583B200C3BE6E /* VolunteersManager.swift */,
				06158E56288590AC00C3BE6E /* TripManager.swift */,
			);
			path = Model;
			sourceTree = "<group>";
		};
		065E477E287B573E00D32E05 /* View */ = {
			isa = PBXGroup;
			children = (
				06D632C428884CF3004193A0 /* Global Views */,
				068FDBEA2887460700ACA72D /* Modifiers */,
				065E4786287B57D100D32E05 /* Global Components */,
				065E4785287B57CB00D32E05 /* App */,
				065E4784287B57C600D32E05 /* Login */,
			);
			path = View;
			sourceTree = "<group>";
		};
		065E477F287B574200D32E05 /* Controller */ = {
			isa = PBXGroup;
			children = (
				068FDB9F2886FE1800ACA72D /* LocationController.swift */,
				06BF7246287B5C6E006F0839 /* UserController.swift */,
				06BF7248287B603A006F0839 /* AppController.swift */,
				06158E40288582DD00C3BE6E /* VolunteersController.swift */,
				06158E542885909D00C3BE6E /* TripController.swift */,
			);
			path = Controller;
			sourceTree = "<group>";
		};
		065E4780287B574700D32E05 /* Supporting Files */ = {
			isa = PBXGroup;
			children = (
				065E4757287B573700D32E05 /* Assets.xcassets */,
				065E4753287B573600D32E05 /* AniTripApp.swift */,
				065E4759287B573700D32E05 /* Preview Content */,
				0690C4222888CE2600B57B92 /* AppDelegate.swift */,
			);
			path = "Supporting Files";
			sourceTree = "<group>";
		};
		065E4784287B57C600D32E05 /* Login */ = {
			isa = PBXGroup;
			children = (
				06FBF142288EF76900222480 /* Login Subview */,
				06FBF13F288EF66400222480 /* Login Components */,
				065E4789287B58C600D32E05 /* LoginView.swift */,
			);
			path = Login;
			sourceTree = "<group>";
		};
		065E4785287B57CB00D32E05 /* App */ = {
			isa = PBXGroup;
			children = (
				06158E642885A56900C3BE6E /* Home Tab */,
				06158E512885901F00C3BE6E /* Trips Tab */,
				06158E4A28858B4E00C3BE6E /* Volunteers Tab */,
				06BF72672885398E006F0839 /* Settings Tab */,
				06BF7265287E1484006F0839 /* AppView.swift */,
			);
			path = App;
			sourceTree = "<group>";
		};
		065E4786287B57D100D32E05 /* Global Components */ = {
			isa = PBXGroup;
			children = (
				065E4787287B581000D32E05 /* CircularSpinnerView.swift */,
				06BF7242287B5A22006F0839 /* TextFieldWithIcon.swift */,
				06BF7244287B5B63006F0839 /* ButtonWithIcon.swift */,
				06158E2928854F4200C3BE6E /* AddressTileView.swift */,
				06158E35288560CF00C3BE6E /* TextFieldUnderlinedView.swift */,
				06158E392885772E00C3BE6E /* MissionsUpdateTileView.swift */,
				06158E3B28857D5800C3BE6E /* PasswordFormTileView.swift */,
				065FF5752886DC4E001BF623 /* SearchTextFieldView.swift */,
				068FDB9D2886F2E000ACA72D /* DetectAddressView.swift */,
				06FBF14928900C3600222480 /* ImagePicker.swift */,
				061949DE28918D52002D95A1 /* ProfilePictureView.swift */,
				064EC28B28AE2F0F00EDBB06 /* UserInformationTextView.swift */,
			);
			path = "Global Components";
			sourceTree = "<group>";
		};
		068FDBEA2887460700ACA72D /* Modifiers */ = {
			isa = PBXGroup;
			children = (
				068FDBEB2887461700ACA72D /* RoundedCorner.swift */,
			);
			path = Modifiers;
			sourceTree = "<group>";
		};
		06BF724E287B6C69006F0839 /* Extension */ = {
			isa = PBXGroup;
			children = (
				06BF724F287B6C71006F0839 /* String.swift */,
				06BF7257287B71FD006F0839 /* Notification.swift */,
				06158E5E288595F100C3BE6E /* Double.swift */,
				065FF5732886D9B7001BF623 /* Date.swift */,
				068FDBE8288745EC00ACA72D /* View.swift */,
				06FBF15128912C8500222480 /* MultiPartFormData.swift */,
			);
			path = Extension;
			sourceTree = "<group>";
		};
		06BF72672885398E006F0839 /* Settings Tab */ = {
			isa = PBXGroup;
			children = (
				06E3494D28898DE40056470E /* Settings Subviews */,
				06BF726C28853C9B006F0839 /* Settings components */,
				06BF726A288539B4006F0839 /* SettingsView.swift */,
			);
			path = "Settings Tab";
			sourceTree = "<group>";
		};
		06BF726C28853C9B006F0839 /* Settings components */ = {
			isa = PBXGroup;
			children = (
				06158E37288561C500C3BE6E /* UpdateAddressView.swift */,
				06BF726D28853CAE006F0839 /* UserCellView.swift */,
				06158E3328855DB100C3BE6E /* EditUserInfoTileView.swift */,
			);
			path = "Settings components";
			sourceTree = "<group>";
		};
		06D632C428884CF3004193A0 /* Global Views */ = {
			isa = PBXGroup;
			children = (
				06BF724A287B66D3006F0839 /* LoadingInProgressView.swift */,
				0690C4242889737900B57B92 /* ActivateAccountView.swift */,
			);
			path = "Global Views";
			sourceTree = "<group>";
		};
		06E3494D28898DE40056470E /* Settings Subviews */ = {
			isa = PBXGroup;
			children = (
				062DC6AE2893F24E004C401D /* SearchAddressView.swift */,
				06158E2728854D1E00C3BE6E /* UserProfileView.swift */,
				06158E3128855D6C00C3BE6E /* UpdateProfileView.swift */,
				06FBF147289009F900222480 /* UpdateProfileImageView.swift */,
			);
			path = "Settings Subviews";
			sourceTree = "<group>";
		};
		06FBF13F288EF66400222480 /* Login Components */ = {
			isa = PBXGroup;
			children = (
				06FBF140288EF67500222480 /* LoginToolbar.swift */,
				062DC6A32892A350004C401D /* ToolbarTabItemView.swift */,
			);
			path = "Login Components";
			sourceTree = "<group>";
		};
		06FBF142288EF76900222480 /* Login Subview */ = {
			isa = PBXGroup;
			children = (
				06BF7263287E1117006F0839 /* CreateAccountView.swift */,
				06FBF143288EF78200222480 /* LoginSubview.swift */,
			);
			path = "Login Subview";
			sourceTree = "<group>";
		};
		06FBF15A28913B4C00222480 /* FakeResponses */ = {
			isa = PBXGroup;
			children = (
				06FBF156289135BB00222480 /* login.json */,
				069F552128CF93F10089ADB4 /* loginNoImage.json */,
				06FBF15F28915D7800222480 /* volunteerList.json */,
				06FBF15B289148FB00222480 /* UpdateProfile.json */,
				067DF8832891651B00323F2A /* trips.json */,
				067DF88528916C8600323F2A /* threeLatestsTrips.json */,
				067DF88728916FEA00323F2A /* news.json */,
				067DF88928916FF700323F2A /* chartPoints.json */,
				062DC6A52893C37F004C401D /* activateAccount.json */,
				062DC6A72893C39E004C401D /* desactivateAccount.json */,
				062DC6A92893C721004C401D /* updatePosition.json */,
				064EC28D28AE61DF00EDBB06 /* export.json */,
				069F551F28CF921E0089ADB4 /* image.jpeg */,
			);
			path = FakeResponses;
			sourceTree = "<group>";
		};
		06FBF161289162CC00222480 /* Codables */ = {
			isa = PBXGroup;
			children = (
				06BF7251287B6D51006F0839 /* UserCodable.swift */,
				06158E58288590EB00C3BE6E /* TripCodable.swift */,
				06158E422885835000C3BE6E /* VolunteersCodable.swift */,
				06BF7259287B73AE006F0839 /* AddressCodable.swift */,
				06158E2B2885500100C3BE6E /* MapPlace.swift */,
			);
			path = Codables;
			sourceTree = "<group>";
		};
		06FBF162289162E800222480 /* Network */ = {
			isa = PBXGroup;
			children = (
				06BF7253287B6F2A006F0839 /* NetworkManager.swift */,
				06BF7255287B6F6E006F0839 /* Network.swift */,
			);
			path = Network;
			sourceTree = "<group>";
		};
		06FBF1632891634700222480 /* Fake Network */ = {
			isa = PBXGroup;
			children = (
				06FBF14F28912AEE00222480 /* FakeResponseData.swift */,
				06FBF15328912CDA00222480 /* FakeNetworkManager.swift */,
			);
			path = "Fake Network";
			sourceTree = "<group>";
		};
/* End PBXGroup section */

/* Begin PBXNativeTarget section */
		065E474F287B573600D32E05 /* AniTrip */ = {
			isa = PBXNativeTarget;
			buildConfigurationList = 065E4774287B573700D32E05 /* Build configuration list for PBXNativeTarget "AniTrip" */;
			buildPhases = (
				065E474C287B573600D32E05 /* Sources */,
				065E474D287B573600D32E05 /* Frameworks */,
				065E474E287B573600D32E05 /* Resources */,
			);
			buildRules = (
			);
			dependencies = (
			);
			name = AniTrip;
			packageProductDependencies = (
				065E4782287B579000D32E05 /* Alamofire */,
				06D632D228885B73004193A0 /* SwiftUICharts */,
				062DC6AC2893E990004C401D /* Mixpanel */,
			);
			productName = AniTrip;
			productReference = 065E4750287B573600D32E05 /* AniTrip.app */;
			productType = "com.apple.product-type.application";
		};
		065E475F287B573700D32E05 /* AniTripTests */ = {
			isa = PBXNativeTarget;
			buildConfigurationList = 065E4777287B573700D32E05 /* Build configuration list for PBXNativeTarget "AniTripTests" */;
			buildPhases = (
				065E475C287B573700D32E05 /* Sources */,
				065E475D287B573700D32E05 /* Frameworks */,
				065E475E287B573700D32E05 /* Resources */,
			);
			buildRules = (
			);
			dependencies = (
				065E4762287B573700D32E05 /* PBXTargetDependency */,
			);
			name = AniTripTests;
			productName = AniTripTests;
			productReference = 065E4760287B573700D32E05 /* AniTripTests.xctest */;
			productType = "com.apple.product-type.bundle.unit-test";
		};
/* End PBXNativeTarget section */

/* Begin PBXProject section */
		065E4748287B573600D32E05 /* Project object */ = {
			isa = PBXProject;
			attributes = {
				BuildIndependentTargetsInParallel = 1;
				LastSwiftUpdateCheck = 1400;
				LastUpgradeCheck = 1400;
				TargetAttributes = {
					065E474F287B573600D32E05 = {
						CreatedOnToolsVersion = 14.0;
					};
					065E475F287B573700D32E05 = {
						CreatedOnToolsVersion = 14.0;
						TestTargetID = 065E474F287B573600D32E05;
					};
				};
			};
			buildConfigurationList = 065E474B287B573600D32E05 /* Build configuration list for PBXProject "AniTrip" */;
			compatibilityVersion = "Xcode 14.0";
			developmentRegion = en;
			hasScannedForEncodings = 0;
			knownRegions = (
				en,
				Base,
			);
			mainGroup = 065E4747287B573600D32E05;
			packageReferences = (
				065E4781287B579000D32E05 /* XCRemoteSwiftPackageReference "Alamofire" */,
				06D632D128885B73004193A0 /* XCRemoteSwiftPackageReference "SwiftUICharts" */,
				062DC6AB2893E990004C401D /* XCRemoteSwiftPackageReference "mixpanel-swift" */,
			);
			productRefGroup = 065E4751287B573600D32E05 /* Products */;
			projectDirPath = "";
			projectRoot = "";
			targets = (
				065E474F287B573600D32E05 /* AniTrip */,
				065E475F287B573700D32E05 /* AniTripTests */,
			);
		};
/* End PBXProject section */

/* Begin PBXResourcesBuildPhase section */
		065E474E287B573600D32E05 /* Resources */ = {
			isa = PBXResourcesBuildPhase;
			buildActionMask = 2147483647;
			files = (
				065E475B287B573700D32E05 /* Preview Assets.xcassets in Resources */,
				065E4758287B573700D32E05 /* Assets.xcassets in Resources */,
			);
			runOnlyForDeploymentPostprocessing = 0;
		};
		065E475E287B573700D32E05 /* Resources */ = {
			isa = PBXResourcesBuildPhase;
			buildActionMask = 2147483647;
			files = (
				064EC28E28AE61DF00EDBB06 /* export.json in Resources */,
				067DF88828916FEA00323F2A /* news.json in Resources */,
				06FBF157289135BB00222480 /* login.json in Resources */,
				062DC6A62893C37F004C401D /* activateAccount.json in Resources */,
				06FBF16028915D7800222480 /* volunteerList.json in Resources */,
				06FBF15C289148FB00222480 /* UpdateProfile.json in Resources */,
				062DC6A82893C39E004C401D /* desactivateAccount.json in Resources */,
				067DF88628916C8600323F2A /* threeLatestsTrips.json in Resources */,
				062DC6AA2893C721004C401D /* updatePosition.json in Resources */,
				069F552228CF93F10089ADB4 /* loginNoImage.json in Resources */,
				067DF88A28916FF700323F2A /* chartPoints.json in Resources */,
				067DF8842891651B00323F2A /* trips.json in Resources */,
				069F552028CF921E0089ADB4 /* image.jpeg in Resources */,
			);
			runOnlyForDeploymentPostprocessing = 0;
		};
/* End PBXResourcesBuildPhase section */

/* Begin PBXSourcesBuildPhase section */
		065E474C287B573600D32E05 /* Sources */ = {
			isa = PBXSourcesBuildPhase;
			buildActionMask = 2147483647;
			files = (
				06BF7256287B6F6E006F0839 /* Network.swift in Sources */,
				06BF7254287B6F2A006F0839 /* NetworkManager.swift in Sources */,
				06BF724D287B6C62006F0839 /* UserManager.swift in Sources */,
				06BF726B288539B4006F0839 /* SettingsView.swift in Sources */,
				068FDBEC2887461700ACA72D /* RoundedCorner.swift in Sources */,
				06BF7247287B5C6E006F0839 /* UserController.swift in Sources */,
				06158E662885A57100C3BE6E /* HomeView.swift in Sources */,
				06955E9B2887FB26006B502B /* TripDateView.swift in Sources */,
				06955EA1288816F5006B502B /* RouteView.swift in Sources */,
				06BF7250287B6C71006F0839 /* String.swift in Sources */,
				06158E5028858BE200C3BE6E /* VolunteerImageInformationsTiles.swift in Sources */,
				06FBF144288EF78200222480 /* LoginSubview.swift in Sources */,
				06BF7252287B6D51006F0839 /* UserCodable.swift in Sources */,
				0690C4232888CE2600B57B92 /* AppDelegate.swift in Sources */,
				06158E57288590AC00C3BE6E /* TripManager.swift in Sources */,
				061949DF28918D52002D95A1 /* ProfilePictureView.swift in Sources */,
				06158E3F288582C200C3BE6E /* VolunteersView.swift in Sources */,
				06BF7243287B5A22006F0839 /* TextFieldWithIcon.swift in Sources */,
				0690C41F28887EB200B57B92 /* TripListView.swift in Sources */,
				068FDB9E2886F2E000ACA72D /* DetectAddressView.swift in Sources */,
				068FDBE72887301E00ACA72D /* StartAddressView.swift in Sources */,
				06FBF148289009F900222480 /* UpdateProfileImageView.swift in Sources */,
				06158E3A2885772E00C3BE6E /* MissionsUpdateTileView.swift in Sources */,
				06BF726E28853CAE006F0839 /* UserCellView.swift in Sources */,
				06158E38288561C500C3BE6E /* UpdateAddressView.swift in Sources */,
				065E478A287B58C600D32E05 /* LoginView.swift in Sources */,
				06BF724B287B66D3006F0839 /* LoadingInProgressView.swift in Sources */,
				065E4754287B573600D32E05 /* AniTripApp.swift in Sources */,
				06BF7258287B71FD006F0839 /* Notification.swift in Sources */,
				06BF7245287B5B63006F0839 /* ButtonWithIcon.swift in Sources */,
				06158E36288560CF00C3BE6E /* TextFieldUnderlinedView.swift in Sources */,
				06BF725A287B73AE006F0839 /* AddressCodable.swift in Sources */,
				06158E5D288595BD00C3BE6E /* TripTileView.swift in Sources */,
				06955E9F2887FFD4006B502B /* TripCommentView.swift in Sources */,
				065FF5742886D9B7001BF623 /* Date.swift in Sources */,
				06158E6328859B5100C3BE6E /* UpdateTripView.swift in Sources */,
				06158E59288590EB00C3BE6E /* TripCodable.swift in Sources */,
				06158E432885835000C3BE6E /* VolunteersCodable.swift in Sources */,
				06158E552885909D00C3BE6E /* TripController.swift in Sources */,
				06158E45288583B200C3BE6E /* VolunteersManager.swift in Sources */,
				06158E692885A5FE00C3BE6E /* NewsTileView.swift in Sources */,
				068FDBA02886FE1800ACA72D /* LocationController.swift in Sources */,
				06158E3428855DB100C3BE6E /* EditUserInfoTileView.swift in Sources */,
				06158E41288582DD00C3BE6E /* VolunteersController.swift in Sources */,
				0690C4252889737900B57B92 /* ActivateAccountView.swift in Sources */,
				06955E972887F49D006B502B /* EndAddressView.swift in Sources */,
				06FBF15228912C8500222480 /* MultiPartFormData.swift in Sources */,
				065FF5762886DC4E001BF623 /* SearchTextFieldView.swift in Sources */,
				06158E2828854D1E00C3BE6E /* UserProfileView.swift in Sources */,
				06955E992887F5E6006B502B /* TripDistanceView.swift in Sources */,
				06FBF141288EF67500222480 /* LoginToolbar.swift in Sources */,
				06158E3C28857D5800C3BE6E /* PasswordFormTileView.swift in Sources */,
				06FBF14A28900C3600222480 /* ImagePicker.swift in Sources */,
				068FDBE9288745EC00ACA72D /* View.swift in Sources */,
				062DC6AF2893F24E004C401D /* SearchAddressView.swift in Sources */,
				06158E612885982000C3BE6E /* DetailedTripView.swift in Sources */,
				06158E4D28858B7500C3BE6E /* VolunteerProfileView.swift in Sources */,
				062DC6A42892A350004C401D /* ToolbarTabItemView.swift in Sources */,
				0690C41D28887CB900B57B92 /* VolunteerTileView.swift in Sources */,
				060A8B5528AE18C50015BA4D /* TripsExportFilterView.swift in Sources */,
				06955E9D2887FD1C006B502B /* TripMissionsView.swift in Sources */,
				06158E532885902D00C3BE6E /* TripsView.swift in Sources */,
				06158E3228855D6C00C3BE6E /* UpdateProfileView.swift in Sources */,
				06158E2C2885500100C3BE6E /* MapPlace.swift in Sources */,
				06BF7266287E1484006F0839 /* AppView.swift in Sources */,
				06158E5F288595F100C3BE6E /* Double.swift in Sources */,
				065E4788287B581000D32E05 /* CircularSpinnerView.swift in Sources */,
				06BF7264287E1117006F0839 /* CreateAccountView.swift in Sources */,
				06158E2A28854F4200C3BE6E /* AddressTileView.swift in Sources */,
				06BF7249287B603A006F0839 /* AppController.swift in Sources */,
				064EC28C28AE2F0F00EDBB06 /* UserInformationTextView.swift in Sources */,
				064EC28A28AE2B7900EDBB06 /* TripsExportView.swift in Sources */,
			);
			runOnlyForDeploymentPostprocessing = 0;
		};
		065E475C287B573700D32E05 /* Sources */ = {
			isa = PBXSourcesBuildPhase;
			buildActionMask = 2147483647;
			files = (
				06FBF15E28915BB600222480 /* VolunteersManagerTest.swift in Sources */,
				067DF8822891641200323F2A /* TripManagerTests.swift in Sources */,
				06FBF1592891371B00222480 /* UserManagerTests.swift in Sources */,
				06FBF15028912AEE00222480 /* FakeResponseData.swift in Sources */,
				06FBF15428912CDA00222480 /* FakeNetworkManager.swift in Sources */,
			);
			runOnlyForDeploymentPostprocessing = 0;
		};
/* End PBXSourcesBuildPhase section */

/* Begin PBXTargetDependency section */
		065E4762287B573700D32E05 /* PBXTargetDependency */ = {
			isa = PBXTargetDependency;
			target = 065E474F287B573600D32E05 /* AniTrip */;
			targetProxy = 065E4761287B573700D32E05 /* PBXContainerItemProxy */;
		};
/* End PBXTargetDependency section */

/* Begin XCBuildConfiguration section */
		065E4772287B573700D32E05 /* Debug */ = {
			isa = XCBuildConfiguration;
			buildSettings = {
				ALWAYS_SEARCH_USER_PATHS = NO;
				CLANG_ANALYZER_NONNULL = YES;
				CLANG_ANALYZER_NUMBER_OBJECT_CONVERSION = YES_AGGRESSIVE;
				CLANG_CXX_LANGUAGE_STANDARD = "gnu++17";
				CLANG_ENABLE_MODULES = YES;
				CLANG_ENABLE_OBJC_ARC = YES;
				CLANG_ENABLE_OBJC_WEAK = YES;
				CLANG_WARN_BLOCK_CAPTURE_AUTORELEASING = YES;
				CLANG_WARN_BOOL_CONVERSION = YES;
				CLANG_WARN_COMMA = YES;
				CLANG_WARN_CONSTANT_CONVERSION = YES;
				CLANG_WARN_DEPRECATED_OBJC_IMPLEMENTATIONS = YES;
				CLANG_WARN_DIRECT_OBJC_ISA_USAGE = YES_ERROR;
				CLANG_WARN_DOCUMENTATION_COMMENTS = YES;
				CLANG_WARN_EMPTY_BODY = YES;
				CLANG_WARN_ENUM_CONVERSION = YES;
				CLANG_WARN_INFINITE_RECURSION = YES;
				CLANG_WARN_INT_CONVERSION = YES;
				CLANG_WARN_NON_LITERAL_NULL_CONVERSION = YES;
				CLANG_WARN_OBJC_IMPLICIT_RETAIN_SELF = YES;
				CLANG_WARN_OBJC_LITERAL_CONVERSION = YES;
				CLANG_WARN_OBJC_ROOT_CLASS = YES_ERROR;
				CLANG_WARN_QUOTED_INCLUDE_IN_FRAMEWORK_HEADER = YES;
				CLANG_WARN_RANGE_LOOP_ANALYSIS = YES;
				CLANG_WARN_STRICT_PROTOTYPES = YES;
				CLANG_WARN_SUSPICIOUS_MOVE = YES;
				CLANG_WARN_UNGUARDED_AVAILABILITY = YES_AGGRESSIVE;
				CLANG_WARN_UNREACHABLE_CODE = YES;
				CLANG_WARN__DUPLICATE_METHOD_MATCH = YES;
				COPY_PHASE_STRIP = NO;
				DEBUG_INFORMATION_FORMAT = dwarf;
				ENABLE_STRICT_OBJC_MSGSEND = YES;
				ENABLE_TESTABILITY = YES;
				GCC_C_LANGUAGE_STANDARD = gnu11;
				GCC_DYNAMIC_NO_PIC = NO;
				GCC_NO_COMMON_BLOCKS = YES;
				GCC_OPTIMIZATION_LEVEL = 0;
				GCC_PREPROCESSOR_DEFINITIONS = (
					"DEBUG=1",
					"$(inherited)",
				);
				GCC_WARN_64_TO_32_BIT_CONVERSION = YES;
				GCC_WARN_ABOUT_RETURN_TYPE = YES_ERROR;
				GCC_WARN_UNDECLARED_SELECTOR = YES;
				GCC_WARN_UNINITIALIZED_AUTOS = YES_AGGRESSIVE;
				GCC_WARN_UNUSED_FUNCTION = YES;
				GCC_WARN_UNUSED_VARIABLE = YES;
				IPHONEOS_DEPLOYMENT_TARGET = 14.0;
				MTL_ENABLE_DEBUG_INFO = INCLUDE_SOURCE;
				MTL_FAST_MATH = YES;
				ONLY_ACTIVE_ARCH = YES;
				SDKROOT = iphoneos;
				SWIFT_ACTIVE_COMPILATION_CONDITIONS = DEBUG;
				SWIFT_OPTIMIZATION_LEVEL = "-Onone";
			};
			name = Debug;
		};
		065E4773287B573700D32E05 /* Release */ = {
			isa = XCBuildConfiguration;
			buildSettings = {
				ALWAYS_SEARCH_USER_PATHS = NO;
				CLANG_ANALYZER_NONNULL = YES;
				CLANG_ANALYZER_NUMBER_OBJECT_CONVERSION = YES_AGGRESSIVE;
				CLANG_CXX_LANGUAGE_STANDARD = "gnu++17";
				CLANG_ENABLE_MODULES = YES;
				CLANG_ENABLE_OBJC_ARC = YES;
				CLANG_ENABLE_OBJC_WEAK = YES;
				CLANG_WARN_BLOCK_CAPTURE_AUTORELEASING = YES;
				CLANG_WARN_BOOL_CONVERSION = YES;
				CLANG_WARN_COMMA = YES;
				CLANG_WARN_CONSTANT_CONVERSION = YES;
				CLANG_WARN_DEPRECATED_OBJC_IMPLEMENTATIONS = YES;
				CLANG_WARN_DIRECT_OBJC_ISA_USAGE = YES_ERROR;
				CLANG_WARN_DOCUMENTATION_COMMENTS = YES;
				CLANG_WARN_EMPTY_BODY = YES;
				CLANG_WARN_ENUM_CONVERSION = YES;
				CLANG_WARN_INFINITE_RECURSION = YES;
				CLANG_WARN_INT_CONVERSION = YES;
				CLANG_WARN_NON_LITERAL_NULL_CONVERSION = YES;
				CLANG_WARN_OBJC_IMPLICIT_RETAIN_SELF = YES;
				CLANG_WARN_OBJC_LITERAL_CONVERSION = YES;
				CLANG_WARN_OBJC_ROOT_CLASS = YES_ERROR;
				CLANG_WARN_QUOTED_INCLUDE_IN_FRAMEWORK_HEADER = YES;
				CLANG_WARN_RANGE_LOOP_ANALYSIS = YES;
				CLANG_WARN_STRICT_PROTOTYPES = YES;
				CLANG_WARN_SUSPICIOUS_MOVE = YES;
				CLANG_WARN_UNGUARDED_AVAILABILITY = YES_AGGRESSIVE;
				CLANG_WARN_UNREACHABLE_CODE = YES;
				CLANG_WARN__DUPLICATE_METHOD_MATCH = YES;
				COPY_PHASE_STRIP = NO;
				DEBUG_INFORMATION_FORMAT = "dwarf-with-dsym";
				ENABLE_NS_ASSERTIONS = NO;
				ENABLE_STRICT_OBJC_MSGSEND = YES;
				GCC_C_LANGUAGE_STANDARD = gnu11;
				GCC_NO_COMMON_BLOCKS = YES;
				GCC_WARN_64_TO_32_BIT_CONVERSION = YES;
				GCC_WARN_ABOUT_RETURN_TYPE = YES_ERROR;
				GCC_WARN_UNDECLARED_SELECTOR = YES;
				GCC_WARN_UNINITIALIZED_AUTOS = YES_AGGRESSIVE;
				GCC_WARN_UNUSED_FUNCTION = YES;
				GCC_WARN_UNUSED_VARIABLE = YES;
				IPHONEOS_DEPLOYMENT_TARGET = 14.0;
				MTL_ENABLE_DEBUG_INFO = NO;
				MTL_FAST_MATH = YES;
				SDKROOT = iphoneos;
				SWIFT_COMPILATION_MODE = wholemodule;
				SWIFT_OPTIMIZATION_LEVEL = "-O";
				VALIDATE_PRODUCT = YES;
			};
			name = Release;
		};
		065E4775287B573700D32E05 /* Debug */ = {
			isa = XCBuildConfiguration;
			buildSettings = {
				ASSETCATALOG_COMPILER_APPICON_NAME = AppIcon;
				ASSETCATALOG_COMPILER_GLOBAL_ACCENT_COLOR_NAME = AccentColor;
				CODE_SIGN_ENTITLEMENTS = AniTrip/AniTrip.entitlements;
				CODE_SIGN_STYLE = Automatic;
				CURRENT_PROJECT_VERSION = 1;
				DEVELOPMENT_ASSET_PATHS = "\"AniTrip/Supporting Files/Preview Content\"";
				DEVELOPMENT_TEAM = 6MAUVS763K;
				ENABLE_PREVIEWS = YES;
				GENERATE_INFOPLIST_FILE = YES;
				INFOPLIST_FILE = AniTrip/Info.plist;
				INFOPLIST_KEY_LSApplicationCategoryType = "public.app-category.productivity";
				INFOPLIST_KEY_NSFaceIDUsageDescription = "Authenticate to the app";
				INFOPLIST_KEY_NSLocationWhenInUseUsageDescription = "This app use your location to increase the app experience";
				INFOPLIST_KEY_UIApplicationSceneManifest_Generation = YES;
				INFOPLIST_KEY_UIApplicationSupportsIndirectInputEvents = YES;
				INFOPLIST_KEY_UILaunchScreen_Generation = YES;
				INFOPLIST_KEY_UISupportedInterfaceOrientations_iPad = "UIInterfaceOrientationPortrait UIInterfaceOrientationPortraitUpsideDown UIInterfaceOrientationLandscapeLeft UIInterfaceOrientationLandscapeRight";
				INFOPLIST_KEY_UISupportedInterfaceOrientations_iPhone = "UIInterfaceOrientationPortrait UIInterfaceOrientationLandscapeLeft UIInterfaceOrientationLandscapeRight";
				LD_RUNPATH_SEARCH_PATHS = (
					"$(inherited)",
					"@executable_path/Frameworks",
				);
				MARKETING_VERSION = 1.0;
				PRODUCT_BUNDLE_IDENTIFIER = com.desyntic.AniTrip;
				PRODUCT_NAME = "$(TARGET_NAME)";
				SUPPORTED_PLATFORMS = "iphoneos iphonesimulator";
				SUPPORTS_MACCATALYST = NO;
				SUPPORTS_MAC_DESIGNED_FOR_IPHONE_IPAD = YES;
				SWIFT_EMIT_LOC_STRINGS = YES;
				SWIFT_VERSION = 5.0;
				TARGETED_DEVICE_FAMILY = 1;
			};
			name = Debug;
		};
		065E4776287B573700D32E05 /* Release */ = {
			isa = XCBuildConfiguration;
			buildSettings = {
				ASSETCATALOG_COMPILER_APPICON_NAME = AppIcon;
				ASSETCATALOG_COMPILER_GLOBAL_ACCENT_COLOR_NAME = AccentColor;
				CODE_SIGN_ENTITLEMENTS = AniTrip/AniTrip.entitlements;
				CODE_SIGN_STYLE = Automatic;
				CURRENT_PROJECT_VERSION = 1;
				DEVELOPMENT_ASSET_PATHS = "\"AniTrip/Supporting Files/Preview Content\"";
				DEVELOPMENT_TEAM = 6MAUVS763K;
				ENABLE_PREVIEWS = YES;
				GENERATE_INFOPLIST_FILE = YES;
				INFOPLIST_FILE = AniTrip/Info.plist;
				INFOPLIST_KEY_LSApplicationCategoryType = "public.app-category.productivity";
				INFOPLIST_KEY_NSFaceIDUsageDescription = "Authenticate to the app";
				INFOPLIST_KEY_NSLocationWhenInUseUsageDescription = "This app use your location to increase the app experience";
				INFOPLIST_KEY_UIApplicationSceneManifest_Generation = YES;
				INFOPLIST_KEY_UIApplicationSupportsIndirectInputEvents = YES;
				INFOPLIST_KEY_UILaunchScreen_Generation = YES;
				INFOPLIST_KEY_UISupportedInterfaceOrientations_iPad = "UIInterfaceOrientationPortrait UIInterfaceOrientationPortraitUpsideDown UIInterfaceOrientationLandscapeLeft UIInterfaceOrientationLandscapeRight";
				INFOPLIST_KEY_UISupportedInterfaceOrientations_iPhone = "UIInterfaceOrientationPortrait UIInterfaceOrientationLandscapeLeft UIInterfaceOrientationLandscapeRight";
				LD_RUNPATH_SEARCH_PATHS = (
					"$(inherited)",
					"@executable_path/Frameworks",
				);
				MARKETING_VERSION = 1.0;
				PRODUCT_BUNDLE_IDENTIFIER = com.desyntic.AniTrip;
				PRODUCT_NAME = "$(TARGET_NAME)";
				SUPPORTED_PLATFORMS = "iphoneos iphonesimulator";
				SUPPORTS_MACCATALYST = NO;
				SUPPORTS_MAC_DESIGNED_FOR_IPHONE_IPAD = YES;
				SWIFT_EMIT_LOC_STRINGS = YES;
				SWIFT_VERSION = 5.0;
				TARGETED_DEVICE_FAMILY = 1;
			};
			name = Release;
		};
		065E4778287B573700D32E05 /* Debug */ = {
			isa = XCBuildConfiguration;
			buildSettings = {
				ALWAYS_EMBED_SWIFT_STANDARD_LIBRARIES = YES;
				ASSETCATALOG_COMPILER_APPICON_NAME = AppIcon;
				BUNDLE_LOADER = "$(TEST_HOST)";
				CODE_SIGN_STYLE = Automatic;
				CURRENT_PROJECT_VERSION = 1;
				DEVELOPMENT_TEAM = 6MAUVS763K;
				GENERATE_INFOPLIST_FILE = YES;
				IPHONEOS_DEPLOYMENT_TARGET = 14.0;
				MARKETING_VERSION = 1.0;
				PRODUCT_BUNDLE_IDENTIFIER = com.desyntic.AniTripTests;
				PRODUCT_NAME = "$(TARGET_NAME)";
				SUPPORTED_PLATFORMS = "iphoneos iphonesimulator";
				SUPPORTS_MACCATALYST = NO;
				SUPPORTS_MAC_DESIGNED_FOR_IPHONE_IPAD = YES;
				SWIFT_EMIT_LOC_STRINGS = NO;
				SWIFT_VERSION = 5.0;
				TARGETED_DEVICE_FAMILY = 1;
				TEST_HOST = "$(BUILT_PRODUCTS_DIR)/AniTrip.app/$(BUNDLE_EXECUTABLE_FOLDER_PATH)/AniTrip";
			};
			name = Debug;
		};
		065E4779287B573700D32E05 /* Release */ = {
			isa = XCBuildConfiguration;
			buildSettings = {
				ALWAYS_EMBED_SWIFT_STANDARD_LIBRARIES = YES;
				ASSETCATALOG_COMPILER_APPICON_NAME = AppIcon;
				BUNDLE_LOADER = "$(TEST_HOST)";
				CODE_SIGN_STYLE = Automatic;
				CURRENT_PROJECT_VERSION = 1;
				DEVELOPMENT_TEAM = 6MAUVS763K;
				GENERATE_INFOPLIST_FILE = YES;
				IPHONEOS_DEPLOYMENT_TARGET = 14.0;
				MARKETING_VERSION = 1.0;
				PRODUCT_BUNDLE_IDENTIFIER = com.desyntic.AniTripTests;
				PRODUCT_NAME = "$(TARGET_NAME)";
				SUPPORTED_PLATFORMS = "iphoneos iphonesimulator";
				SUPPORTS_MACCATALYST = NO;
				SUPPORTS_MAC_DESIGNED_FOR_IPHONE_IPAD = YES;
				SWIFT_EMIT_LOC_STRINGS = NO;
				SWIFT_VERSION = 5.0;
				TARGETED_DEVICE_FAMILY = 1;
				TEST_HOST = "$(BUILT_PRODUCTS_DIR)/AniTrip.app/$(BUNDLE_EXECUTABLE_FOLDER_PATH)/AniTrip";
			};
			name = Release;
		};
/* End XCBuildConfiguration section */

/* Begin XCConfigurationList section */
		065E474B287B573600D32E05 /* Build configuration list for PBXProject "AniTrip" */ = {
			isa = XCConfigurationList;
			buildConfigurations = (
				065E4772287B573700D32E05 /* Debug */,
				065E4773287B573700D32E05 /* Release */,
			);
			defaultConfigurationIsVisible = 0;
			defaultConfigurationName = Release;
		};
		065E4774287B573700D32E05 /* Build configuration list for PBXNativeTarget "AniTrip" */ = {
			isa = XCConfigurationList;
			buildConfigurations = (
				065E4775287B573700D32E05 /* Debug */,
				065E4776287B573700D32E05 /* Release */,
			);
			defaultConfigurationIsVisible = 0;
			defaultConfigurationName = Release;
		};
		065E4777287B573700D32E05 /* Build configuration list for PBXNativeTarget "AniTripTests" */ = {
			isa = XCConfigurationList;
			buildConfigurations = (
				065E4778287B573700D32E05 /* Debug */,
				065E4779287B573700D32E05 /* Release */,
			);
			defaultConfigurationIsVisible = 0;
			defaultConfigurationName = Release;
		};
/* End XCConfigurationList section */

/* Begin XCRemoteSwiftPackageReference section */
		062DC6AB2893E990004C401D /* XCRemoteSwiftPackageReference "mixpanel-swift" */ = {
			isa = XCRemoteSwiftPackageReference;
			repositoryURL = "https://github.com/mixpanel/mixpanel-swift.git";
			requirement = {
				kind = upToNextMajorVersion;
				minimumVersion = 2.8.0;
			};
		};
		065E4781287B579000D32E05 /* XCRemoteSwiftPackageReference "Alamofire" */ = {
			isa = XCRemoteSwiftPackageReference;
			repositoryURL = "https://github.com/Alamofire/Alamofire.git";
			requirement = {
				kind = upToNextMajorVersion;
				minimumVersion = 5.0.0;
			};
		};
		06D632D128885B73004193A0 /* XCRemoteSwiftPackageReference "SwiftUICharts" */ = {
			isa = XCRemoteSwiftPackageReference;
			repositoryURL = "https://github.com/willdale/SwiftUICharts.git";
			requirement = {
				kind = upToNextMajorVersion;
				minimumVersion = 2.0.0;
			};
		};
/* End XCRemoteSwiftPackageReference section */

/* Begin XCSwiftPackageProductDependency section */
		062DC6AC2893E990004C401D /* Mixpanel */ = {
			isa = XCSwiftPackageProductDependency;
			package = 062DC6AB2893E990004C401D /* XCRemoteSwiftPackageReference "mixpanel-swift" */;
			productName = Mixpanel;
		};
		065E4782287B579000D32E05 /* Alamofire */ = {
			isa = XCSwiftPackageProductDependency;
			package = 065E4781287B579000D32E05 /* XCRemoteSwiftPackageReference "Alamofire" */;
			productName = Alamofire;
		};
		06D632D228885B73004193A0 /* SwiftUICharts */ = {
			isa = XCSwiftPackageProductDependency;
			package = 06D632D128885B73004193A0 /* XCRemoteSwiftPackageReference "SwiftUICharts" */;
			productName = SwiftUICharts;
		};
/* End XCSwiftPackageProductDependency section */
	};
	rootObject = 065E4748287B573600D32E05 /* Project object */;
}
